// !$*UTF8*$!
{
	archiveVersion = 1;
	classes = {
	};
	objectVersion = 46;
	objects = {

/* Begin PBXBuildFile section */
		8A0103CE1E247E8B008B5BB8 /* Alert.swift in Sources */ = {isa = PBXBuildFile; fileRef = 8A0103CD1E247E8B008B5BB8 /* Alert.swift */; };
		8A0103D31E25E4ED008B5BB8 /* AnimateButton.swift in Sources */ = {isa = PBXBuildFile; fileRef = 8A0103D21E25E4ED008B5BB8 /* AnimateButton.swift */; };
		8A0286C71E59FB000026E927 /* UIScrollView+Extencion.swift in Sources */ = {isa = PBXBuildFile; fileRef = 8A0286C61E59FB000026E927 /* UIScrollView+Extencion.swift */; };
		8A0286C91E5A06980026E927 /* ThanksCell.swift in Sources */ = {isa = PBXBuildFile; fileRef = 8A0286C81E5A06970026E927 /* ThanksCell.swift */; };
		8A0286CB1E5A06CD0026E927 /* ThanksViewController.swift in Sources */ = {isa = PBXBuildFile; fileRef = 8A0286CA1E5A06CD0026E927 /* ThanksViewController.swift */; };
		8A0286CD1E5D108A0026E927 /* Constraints.swift in Sources */ = {isa = PBXBuildFile; fileRef = 8A0286CC1E5D108A0026E927 /* Constraints.swift */; };
		8A0286CF1E5D40790026E927 /* Egg.swift in Sources */ = {isa = PBXBuildFile; fileRef = 8A0286CE1E5D40790026E927 /* Egg.swift */; };
		8A0685851E2706A2007A44BE /* iggyPopSong.m4a in Resources */ = {isa = PBXBuildFile; fileRef = 8A0685841E2706A2007A44BE /* iggyPopSong.m4a */; };
		8A0685871E2713B6007A44BE /* Sound.swift in Sources */ = {isa = PBXBuildFile; fileRef = 8A0685861E2713B6007A44BE /* Sound.swift */; };
		8A0685AE1E2D831A007A44BE /* LaunchScreen.storyboard in Resources */ = {isa = PBXBuildFile; fileRef = 8A0685AD1E2D831A007A44BE /* LaunchScreen.storyboard */; };
		8A0891EA1F17D84800B1C5AC /* ThePassenger21.m4a in Resources */ = {isa = PBXBuildFile; fileRef = 8A0891E91F17D84800B1C5AC /* ThePassenger21.m4a */; };
		8A0A03E71E621475008746BD /* UITextView+Extension.swift in Sources */ = {isa = PBXBuildFile; fileRef = 8A0A03E61E621475008746BD /* UITextView+Extension.swift */; };
		8A13E9DD1E1AD46C00A30ABA /* Color.swift in Sources */ = {isa = PBXBuildFile; fileRef = 8A13E9DC1E1AD46C00A30ABA /* Color.swift */; };
		8A13E9E71E1C30A700A30ABA /* Timer.swift in Sources */ = {isa = PBXBuildFile; fileRef = 8A13E9E61E1C30A700A30ABA /* Timer.swift */; };
		8A2E8A361E50D316002DF578 /* SpalshScreenView.swift in Sources */ = {isa = PBXBuildFile; fileRef = 8A2E8A351E50D316002DF578 /* SpalshScreenView.swift */; };
		8A2E8A391E50E2B0002DF578 /* SplashViewController.swift in Sources */ = {isa = PBXBuildFile; fileRef = 8A2E8A381E50E2B0002DF578 /* SplashViewController.swift */; };
		8A2E8A3D1E50EE94002DF578 /* UIImageView+Extension.swift in Sources */ = {isa = PBXBuildFile; fileRef = 8A2E8A3C1E50EE94002DF578 /* UIImageView+Extension.swift */; };
		8A2E8A401E511F02002DF578 /* HomeScreenView.swift in Sources */ = {isa = PBXBuildFile; fileRef = 8A2E8A3F1E511F02002DF578 /* HomeScreenView.swift */; };
		8A2E8A421E51207B002DF578 /* HomeScreenViewController.swift in Sources */ = {isa = PBXBuildFile; fileRef = 8A2E8A411E51207B002DF578 /* HomeScreenViewController.swift */; };
		8A2E8A441E512165002DF578 /* Button+Extension.swift in Sources */ = {isa = PBXBuildFile; fileRef = 8A2E8A431E512165002DF578 /* Button+Extension.swift */; };
		8A2E8A461E522CBD002DF578 /* EggTimerViewController.swift in Sources */ = {isa = PBXBuildFile; fileRef = 8A2E8A451E522CBD002DF578 /* EggTimerViewController.swift */; };
		8A2E8A491E522CF7002DF578 /* EggTimerVew.swift in Sources */ = {isa = PBXBuildFile; fileRef = 8A2E8A481E522CF7002DF578 /* EggTimerVew.swift */; };
		8A3D6B061E2153C200637642 /* Image.swift in Sources */ = {isa = PBXBuildFile; fileRef = 8A3D6B051E2153C200637642 /* Image.swift */; };
		8A3D6B0A1E21EA7800637642 /* Label+Extension.swift in Sources */ = {isa = PBXBuildFile; fileRef = 8A3D6B091E21EA7800637642 /* Label+Extension.swift */; };
		8A3E44661E57EA0B0055FA1B /* InformationViewController.swift in Sources */ = {isa = PBXBuildFile; fileRef = 8A3E44651E57EA0B0055FA1B /* InformationViewController.swift */; };
		8A3E446A1E593C960055FA1B /* InformationCell.swift in Sources */ = {isa = PBXBuildFile; fileRef = 8A3E44691E593C960055FA1B /* InformationCell.swift */; };
		8AA5B1CF1DEC988200D159C3 /* AppDelegate.swift in Sources */ = {isa = PBXBuildFile; fileRef = 8AA5B1CE1DEC988200D159C3 /* AppDelegate.swift */; };
		8AA5B1D61DEC988200D159C3 /* Assets.xcassets in Resources */ = {isa = PBXBuildFile; fileRef = 8AA5B1D51DEC988200D159C3 /* Assets.xcassets */; };
		99D98E76F53FB458361B0D43 /* Pods_Eggypop.framework in Frameworks */ = {isa = PBXBuildFile; fileRef = D7418BFA8407A5E8BF08DE73 /* Pods_Eggypop.framework */; };
/* End PBXBuildFile section */

/* Begin PBXFileReference section */
		2F097247A0EB514EBB0E1F66 /* Pods-Eggypop.release.xcconfig */ = {isa = PBXFileReference; includeInIndex = 1; lastKnownFileType = text.xcconfig; name = "Pods-Eggypop.release.xcconfig"; path = "Pods/Target Support Files/Pods-Eggypop/Pods-Eggypop.release.xcconfig"; sourceTree = "<group>"; };
		7AD21EB1F1277AC74FBEE1C6 /* Pods-Eggypop.debug.xcconfig */ = {isa = PBXFileReference; includeInIndex = 1; lastKnownFileType = text.xcconfig; name = "Pods-Eggypop.debug.xcconfig"; path = "Pods/Target Support Files/Pods-Eggypop/Pods-Eggypop.debug.xcconfig"; sourceTree = "<group>"; };
		8A0103CD1E247E8B008B5BB8 /* Alert.swift */ = {isa = PBXFileReference; fileEncoding = 4; lastKnownFileType = sourcecode.swift; path = Alert.swift; sourceTree = "<group>"; };
		8A0103D21E25E4ED008B5BB8 /* AnimateButton.swift */ = {isa = PBXFileReference; fileEncoding = 4; lastKnownFileType = sourcecode.swift; path = AnimateButton.swift; sourceTree = "<group>"; };
		8A0286C61E59FB000026E927 /* UIScrollView+Extencion.swift */ = {isa = PBXFileReference; fileEncoding = 4; lastKnownFileType = sourcecode.swift; path = "UIScrollView+Extencion.swift"; sourceTree = "<group>"; };
		8A0286C81E5A06970026E927 /* ThanksCell.swift */ = {isa = PBXFileReference; fileEncoding = 4; lastKnownFileType = sourcecode.swift; path = ThanksCell.swift; sourceTree = "<group>"; };
		8A0286CA1E5A06CD0026E927 /* ThanksViewController.swift */ = {isa = PBXFileReference; fileEncoding = 4; lastKnownFileType = sourcecode.swift; path = ThanksViewController.swift; sourceTree = "<group>"; };
		8A0286CC1E5D108A0026E927 /* Constraints.swift */ = {isa = PBXFileReference; fileEncoding = 4; lastKnownFileType = sourcecode.swift; path = Constraints.swift; sourceTree = "<group>"; };
		8A0286CE1E5D40790026E927 /* Egg.swift */ = {isa = PBXFileReference; fileEncoding = 4; lastKnownFileType = sourcecode.swift; path = Egg.swift; sourceTree = "<group>"; };
		8A0685841E2706A2007A44BE /* iggyPopSong.m4a */ = {isa = PBXFileReference; lastKnownFileType = file; path = iggyPopSong.m4a; sourceTree = "<group>"; };
		8A0685861E2713B6007A44BE /* Sound.swift */ = {isa = PBXFileReference; fileEncoding = 4; lastKnownFileType = sourcecode.swift; path = Sound.swift; sourceTree = "<group>"; };
		8A0685AD1E2D831A007A44BE /* LaunchScreen.storyboard */ = {isa = PBXFileReference; fileEncoding = 4; lastKnownFileType = file.storyboard; path = LaunchScreen.storyboard; sourceTree = "<group>"; };
		8A0891E91F17D84800B1C5AC /* ThePassenger21.m4a */ = {isa = PBXFileReference; lastKnownFileType = file; name = ThePassenger21.m4a; path = ../../../../Desktop/ThePassenger21.m4a; sourceTree = "<group>"; };
		8A0A03E61E621475008746BD /* UITextView+Extension.swift */ = {isa = PBXFileReference; fileEncoding = 4; lastKnownFileType = sourcecode.swift; path = "UITextView+Extension.swift"; sourceTree = "<group>"; };
		8A13E9DC1E1AD46C00A30ABA /* Color.swift */ = {isa = PBXFileReference; fileEncoding = 4; lastKnownFileType = sourcecode.swift; path = Color.swift; sourceTree = "<group>"; };
		8A13E9E61E1C30A700A30ABA /* Timer.swift */ = {isa = PBXFileReference; fileEncoding = 4; lastKnownFileType = sourcecode.swift; path = Timer.swift; sourceTree = "<group>"; };
		8A2E8A351E50D316002DF578 /* SpalshScreenView.swift */ = {isa = PBXFileReference; fileEncoding = 4; lastKnownFileType = sourcecode.swift; path = SpalshScreenView.swift; sourceTree = "<group>"; };
		8A2E8A381E50E2B0002DF578 /* SplashViewController.swift */ = {isa = PBXFileReference; fileEncoding = 4; lastKnownFileType = sourcecode.swift; path = SplashViewController.swift; sourceTree = "<group>"; };
		8A2E8A3C1E50EE94002DF578 /* UIImageView+Extension.swift */ = {isa = PBXFileReference; fileEncoding = 4; lastKnownFileType = sourcecode.swift; path = "UIImageView+Extension.swift"; sourceTree = "<group>"; };
		8A2E8A3F1E511F02002DF578 /* HomeScreenView.swift */ = {isa = PBXFileReference; fileEncoding = 4; lastKnownFileType = sourcecode.swift; path = HomeScreenView.swift; sourceTree = "<group>"; };
		8A2E8A411E51207B002DF578 /* HomeScreenViewController.swift */ = {isa = PBXFileReference; fileEncoding = 4; lastKnownFileType = sourcecode.swift; path = HomeScreenViewController.swift; sourceTree = "<group>"; };
		8A2E8A431E512165002DF578 /* Button+Extension.swift */ = {isa = PBXFileReference; fileEncoding = 4; lastKnownFileType = sourcecode.swift; path = "Button+Extension.swift"; sourceTree = "<group>"; };
		8A2E8A451E522CBD002DF578 /* EggTimerViewController.swift */ = {isa = PBXFileReference; fileEncoding = 4; lastKnownFileType = sourcecode.swift; path = EggTimerViewController.swift; sourceTree = "<group>"; };
		8A2E8A481E522CF7002DF578 /* EggTimerVew.swift */ = {isa = PBXFileReference; fileEncoding = 4; lastKnownFileType = sourcecode.swift; path = EggTimerVew.swift; sourceTree = "<group>"; };
		8A3D6B051E2153C200637642 /* Image.swift */ = {isa = PBXFileReference; fileEncoding = 4; lastKnownFileType = sourcecode.swift; path = Image.swift; sourceTree = "<group>"; };
		8A3D6B091E21EA7800637642 /* Label+Extension.swift */ = {isa = PBXFileReference; fileEncoding = 4; lastKnownFileType = sourcecode.swift; path = "Label+Extension.swift"; sourceTree = "<group>"; };
		8A3E44651E57EA0B0055FA1B /* InformationViewController.swift */ = {isa = PBXFileReference; fileEncoding = 4; lastKnownFileType = sourcecode.swift; path = InformationViewController.swift; sourceTree = "<group>"; };
		8A3E44691E593C960055FA1B /* InformationCell.swift */ = {isa = PBXFileReference; fileEncoding = 4; lastKnownFileType = sourcecode.swift; path = InformationCell.swift; sourceTree = "<group>"; };
		8AA5B1CB1DEC988200D159C3 /* Eggypop.app */ = {isa = PBXFileReference; explicitFileType = wrapper.application; includeInIndex = 0; path = Eggypop.app; sourceTree = BUILT_PRODUCTS_DIR; };
		8AA5B1CE1DEC988200D159C3 /* AppDelegate.swift */ = {isa = PBXFileReference; lastKnownFileType = sourcecode.swift; path = AppDelegate.swift; sourceTree = "<group>"; };
		8AA5B1D51DEC988200D159C3 /* Assets.xcassets */ = {isa = PBXFileReference; lastKnownFileType = folder.assetcatalog; path = Assets.xcassets; sourceTree = "<group>"; };
		8AA5B1DA1DEC988200D159C3 /* Info.plist */ = {isa = PBXFileReference; lastKnownFileType = text.plist.xml; path = Info.plist; sourceTree = "<group>"; };
		D7418BFA8407A5E8BF08DE73 /* Pods_Eggypop.framework */ = {isa = PBXFileReference; explicitFileType = wrapper.framework; includeInIndex = 0; path = Pods_Eggypop.framework; sourceTree = BUILT_PRODUCTS_DIR; };
/* End PBXFileReference section */

/* Begin PBXFrameworksBuildPhase section */
		8AA5B1C81DEC988200D159C3 /* Frameworks */ = {
			isa = PBXFrameworksBuildPhase;
			buildActionMask = 2147483647;
			files = (
				99D98E76F53FB458361B0D43 /* Pods_Eggypop.framework in Frameworks */,
			);
			runOnlyForDeploymentPostprocessing = 0;
		};
/* End PBXFrameworksBuildPhase section */

/* Begin PBXGroup section */
		8A0685AA1E280A37007A44BE /* Supporting */ = {
			isa = PBXGroup;
			children = (
				8AA5B1D51DEC988200D159C3 /* Assets.xcassets */,
				8A0891E91F17D84800B1C5AC /* ThePassenger21.m4a */,
				8A0685841E2706A2007A44BE /* iggyPopSong.m4a */,
				8AA5B1DA1DEC988200D159C3 /* Info.plist */,
				8AA5B1CE1DEC988200D159C3 /* AppDelegate.swift */,
			);
			name = Supporting;
			sourceTree = "<group>";
		};
		8A13E9D41E1ABDD400A30ABA /* Storyboard */ = {
			isa = PBXGroup;
			children = (
				8A0685AD1E2D831A007A44BE /* LaunchScreen.storyboard */,
			);
			name = Storyboard;
			sourceTree = "<group>";
		};
		8A13E9D61E1ABE4B00A30ABA /* Models */ = {
			isa = PBXGroup;
			children = (
				8A0685861E2713B6007A44BE /* Sound.swift */,
				8A0103CD1E247E8B008B5BB8 /* Alert.swift */,
				8A0286CE1E5D40790026E927 /* Egg.swift */,
			);
			name = Models;
			sourceTree = "<group>";
		};
		8A13E9DB1E1AD44C00A30ABA /* Constants */ = {
			isa = PBXGroup;
			children = (
				8A13E9DC1E1AD46C00A30ABA /* Color.swift */,
				8A3D6B051E2153C200637642 /* Image.swift */,
			);
			name = Constants;
			sourceTree = "<group>";
		};
		8A2E8A371E50D781002DF578 /* Extensions */ = {
			isa = PBXGroup;
			children = (
				8A3D6B091E21EA7800637642 /* Label+Extension.swift */,
				8A2E8A3C1E50EE94002DF578 /* UIImageView+Extension.swift */,
				8A2E8A431E512165002DF578 /* Button+Extension.swift */,
				8A0286C61E59FB000026E927 /* UIScrollView+Extencion.swift */,
				8A0A03E61E621475008746BD /* UITextView+Extension.swift */,
			);
			name = Extensions;
			sourceTree = "<group>";
		};
		8A2E8A4A1E524302002DF578 /* Views */ = {
			isa = PBXGroup;
			children = (
				8A2E8A351E50D316002DF578 /* SpalshScreenView.swift */,
				8A2E8A3F1E511F02002DF578 /* HomeScreenView.swift */,
				8A2E8A481E522CF7002DF578 /* EggTimerVew.swift */,
				8A3E44691E593C960055FA1B /* InformationCell.swift */,
				8A0286C81E5A06970026E927 /* ThanksCell.swift */,
			);
			name = Views;
			sourceTree = "<group>";
		};
		8A2E8A4B1E524330002DF578 /* Controllers */ = {
			isa = PBXGroup;
			children = (
				8A2E8A381E50E2B0002DF578 /* SplashViewController.swift */,
				8A2E8A411E51207B002DF578 /* HomeScreenViewController.swift */,
				8A2E8A451E522CBD002DF578 /* EggTimerViewController.swift */,
				8A3E44651E57EA0B0055FA1B /* InformationViewController.swift */,
				8A0286CA1E5A06CD0026E927 /* ThanksViewController.swift */,
			);
			name = Controllers;
			sourceTree = "<group>";
		};
		8A6DE7971F0BEA6600E00050 /* Helpers */ = {
			isa = PBXGroup;
			children = (
				8A0103D21E25E4ED008B5BB8 /* AnimateButton.swift */,
				8A0286CC1E5D108A0026E927 /* Constraints.swift */,
				8A13E9E61E1C30A700A30ABA /* Timer.swift */,
			);
			name = Helpers;
			sourceTree = "<group>";
		};
		8AA5B1C21DEC988200D159C3 = {
			isa = PBXGroup;
			children = (
				8AA5B1CD1DEC988200D159C3 /* Eggypop */,
				8AA5B1CC1DEC988200D159C3 /* Products */,
				93A671C29E212C40AA43D71C /* Pods */,
				D6232DAF896528B7DE0061AC /* Frameworks */,
			);
			sourceTree = "<group>";
		};
		8AA5B1CC1DEC988200D159C3 /* Products */ = {
			isa = PBXGroup;
			children = (
				8AA5B1CB1DEC988200D159C3 /* Eggypop.app */,
			);
			name = Products;
			sourceTree = "<group>";
		};
		8AA5B1CD1DEC988200D159C3 /* Eggypop */ = {
			isa = PBXGroup;
			children = (
				8A13E9D61E1ABE4B00A30ABA /* Models */,
				8A2E8A4A1E524302002DF578 /* Views */,
				8A2E8A4B1E524330002DF578 /* Controllers */,
				8A2E8A371E50D781002DF578 /* Extensions */,
				8A13E9DB1E1AD44C00A30ABA /* Constants */,
				8A0685AA1E280A37007A44BE /* Supporting */,
				8A6DE7971F0BEA6600E00050 /* Helpers */,
				8A13E9D41E1ABDD400A30ABA /* Storyboard */,
			);
			path = Eggypop;
			sourceTree = "<group>";
		};
		93A671C29E212C40AA43D71C /* Pods */ = {
			isa = PBXGroup;
			children = (
				7AD21EB1F1277AC74FBEE1C6 /* Pods-Eggypop.debug.xcconfig */,
				2F097247A0EB514EBB0E1F66 /* Pods-Eggypop.release.xcconfig */,
			);
			name = Pods;
			sourceTree = "<group>";
		};
		D6232DAF896528B7DE0061AC /* Frameworks */ = {
			isa = PBXGroup;
			children = (
				D7418BFA8407A5E8BF08DE73 /* Pods_Eggypop.framework */,
			);
			name = Frameworks;
			sourceTree = "<group>";
		};
/* End PBXGroup section */

/* Begin PBXNativeTarget section */
		8AA5B1CA1DEC988200D159C3 /* Eggypop */ = {
			isa = PBXNativeTarget;
			buildConfigurationList = 8AA5B1DD1DEC988200D159C3 /* Build configuration list for PBXNativeTarget "Eggypop" */;
			buildPhases = (
				A1DAC84383BA66174DAA734E /* [CP] Check Pods Manifest.lock */,
				8AA5B1C71DEC988200D159C3 /* Sources */,
				8AA5B1C81DEC988200D159C3 /* Frameworks */,
				8AA5B1C91DEC988200D159C3 /* Resources */,
				9E157645C76F788CA59BAF9F /* [CP] Embed Pods Frameworks */,
				0EB27A2A0937887125597895 /* [CP] Copy Pods Resources */,
			);
			buildRules = (
			);
			dependencies = (
			);
			name = Eggypop;
			productName = Eggypop;
			productReference = 8AA5B1CB1DEC988200D159C3 /* Eggypop.app */;
			productType = "com.apple.product-type.application";
		};
/* End PBXNativeTarget section */

/* Begin PBXProject section */
		8AA5B1C31DEC988200D159C3 /* Project object */ = {
			isa = PBXProject;
			attributes = {
				LastSwiftUpdateCheck = 0810;
				LastUpgradeCheck = 0820;
				ORGANIZATIONNAME = "Sergey Nevzorov";
				TargetAttributes = {
					8AA5B1CA1DEC988200D159C3 = {
						CreatedOnToolsVersion = 8.1;
						DevelopmentTeam = 42YF234Y78;
						LastSwiftMigration = 0820;
						ProvisioningStyle = Automatic;
						SystemCapabilities = {
							com.apple.BackgroundModes = {
								enabled = 0;
							};
						};
					};
				};
			};
			buildConfigurationList = 8AA5B1C61DEC988200D159C3 /* Build configuration list for PBXProject "Eggypop" */;
			compatibilityVersion = "Xcode 3.2";
			developmentRegion = English;
			hasScannedForEncodings = 0;
			knownRegions = (
				en,
				Base,
			);
			mainGroup = 8AA5B1C21DEC988200D159C3;
			productRefGroup = 8AA5B1CC1DEC988200D159C3 /* Products */;
			projectDirPath = "";
			projectRoot = "";
			targets = (
				8AA5B1CA1DEC988200D159C3 /* Eggypop */,
			);
		};
/* End PBXProject section */

/* Begin PBXResourcesBuildPhase section */
		8AA5B1C91DEC988200D159C3 /* Resources */ = {
			isa = PBXResourcesBuildPhase;
			buildActionMask = 2147483647;
			files = (
				8AA5B1D61DEC988200D159C3 /* Assets.xcassets in Resources */,
				8A0685851E2706A2007A44BE /* iggyPopSong.m4a in Resources */,
				8A0891EA1F17D84800B1C5AC /* ThePassenger21.m4a in Resources */,
				8A0685AE1E2D831A007A44BE /* LaunchScreen.storyboard in Resources */,
			);
			runOnlyForDeploymentPostprocessing = 0;
		};
/* End PBXResourcesBuildPhase section */

/* Begin PBXShellScriptBuildPhase section */
		0EB27A2A0937887125597895 /* [CP] Copy Pods Resources */ = {
			isa = PBXShellScriptBuildPhase;
			buildActionMask = 2147483647;
			files = (
			);
			inputPaths = (
			);
			name = "[CP] Copy Pods Resources";
			outputPaths = (
			);
			runOnlyForDeploymentPostprocessing = 0;
			shellPath = /bin/sh;
			shellScript = "\"${SRCROOT}/Pods/Target Support Files/Pods-Eggypop/Pods-Eggypop-resources.sh\"\n";
			showEnvVarsInLog = 0;
		};
		9E157645C76F788CA59BAF9F /* [CP] Embed Pods Frameworks */ = {
			isa = PBXShellScriptBuildPhase;
			buildActionMask = 2147483647;
			files = (
			);
			inputPaths = (
			);
			name = "[CP] Embed Pods Frameworks";
			outputPaths = (
			);
			runOnlyForDeploymentPostprocessing = 0;
			shellPath = /bin/sh;
			shellScript = "\"${SRCROOT}/Pods/Target Support Files/Pods-Eggypop/Pods-Eggypop-frameworks.sh\"\n";
			showEnvVarsInLog = 0;
		};
		A1DAC84383BA66174DAA734E /* [CP] Check Pods Manifest.lock */ = {
			isa = PBXShellScriptBuildPhase;
			buildActionMask = 2147483647;
			files = (
			);
			inputPaths = (
			);
			name = "[CP] Check Pods Manifest.lock";
			outputPaths = (
			);
			runOnlyForDeploymentPostprocessing = 0;
			shellPath = /bin/sh;
			shellScript = "diff \"${PODS_ROOT}/../Podfile.lock\" \"${PODS_ROOT}/Manifest.lock\" > /dev/null\nif [[ $? != 0 ]] ; then\n    cat << EOM\nerror: The sandbox is not in sync with the Podfile.lock. Run 'pod install' or update your CocoaPods installation.\nEOM\n    exit 1\nfi\n";
			showEnvVarsInLog = 0;
		};
/* End PBXShellScriptBuildPhase section */

/* Begin PBXSourcesBuildPhase section */
		8AA5B1C71DEC988200D159C3 /* Sources */ = {
			isa = PBXSourcesBuildPhase;
			buildActionMask = 2147483647;
			files = (
				8A3D6B061E2153C200637642 /* Image.swift in Sources */,
				8A2E8A361E50D316002DF578 /* SpalshScreenView.swift in Sources */,
				8A3D6B0A1E21EA7800637642 /* Label+Extension.swift in Sources */,
				8A0286CD1E5D108A0026E927 /* Constraints.swift in Sources */,
				8A2E8A421E51207B002DF578 /* HomeScreenViewController.swift in Sources */,
				8A2E8A441E512165002DF578 /* Button+Extension.swift in Sources */,
				8AA5B1CF1DEC988200D159C3 /* AppDelegate.swift in Sources */,
				8A13E9DD1E1AD46C00A30ABA /* Color.swift in Sources */,
				8A0A03E71E621475008746BD /* UITextView+Extension.swift in Sources */,
				8A2E8A491E522CF7002DF578 /* EggTimerVew.swift in Sources */,
				8A13E9E71E1C30A700A30ABA /* Timer.swift in Sources */,
				8A2E8A461E522CBD002DF578 /* EggTimerViewController.swift in Sources */,
				8A0286C91E5A06980026E927 /* ThanksCell.swift in Sources */,
				8A2E8A3D1E50EE94002DF578 /* UIImageView+Extension.swift in Sources */,
				8A0685871E2713B6007A44BE /* Sound.swift in Sources */,
				8A2E8A401E511F02002DF578 /* HomeScreenView.swift in Sources */,
				8A0103D31E25E4ED008B5BB8 /* AnimateButton.swift in Sources */,
				8A3E446A1E593C960055FA1B /* InformationCell.swift in Sources */,
				8A0286C71E59FB000026E927 /* UIScrollView+Extencion.swift in Sources */,
				8A2E8A391E50E2B0002DF578 /* SplashViewController.swift in Sources */,
				8A0286CF1E5D40790026E927 /* Egg.swift in Sources */,
				8A0103CE1E247E8B008B5BB8 /* Alert.swift in Sources */,
				8A3E44661E57EA0B0055FA1B /* InformationViewController.swift in Sources */,
				8A0286CB1E5A06CD0026E927 /* ThanksViewController.swift in Sources */,
			);
			runOnlyForDeploymentPostprocessing = 0;
		};
/* End PBXSourcesBuildPhase section */

/* Begin XCBuildConfiguration section */
		8AA5B1DB1DEC988200D159C3 /* Debug */ = {
			isa = XCBuildConfiguration;
			buildSettings = {
				ALWAYS_SEARCH_USER_PATHS = NO;
				CLANG_ANALYZER_NONNULL = YES;
				CLANG_CXX_LANGUAGE_STANDARD = "gnu++0x";
				CLANG_CXX_LIBRARY = "libc++";
				CLANG_ENABLE_MODULES = YES;
				CLANG_ENABLE_OBJC_ARC = YES;
				CLANG_WARN_BOOL_CONVERSION = YES;
				CLANG_WARN_CONSTANT_CONVERSION = YES;
				CLANG_WARN_DIRECT_OBJC_ISA_USAGE = YES_ERROR;
				CLANG_WARN_DOCUMENTATION_COMMENTS = YES;
				CLANG_WARN_EMPTY_BODY = YES;
				CLANG_WARN_ENUM_CONVERSION = YES;
				CLANG_WARN_INFINITE_RECURSION = YES;
				CLANG_WARN_INT_CONVERSION = YES;
				CLANG_WARN_OBJC_ROOT_CLASS = YES_ERROR;
				CLANG_WARN_SUSPICIOUS_MOVE = YES;
				CLANG_WARN_SUSPICIOUS_MOVES = YES;
				CLANG_WARN_UNREACHABLE_CODE = YES;
				CLANG_WARN__DUPLICATE_METHOD_MATCH = YES;
				"CODE_SIGN_IDENTITY[sdk=iphoneos*]" = "iPhone Developer";
				COPY_PHASE_STRIP = NO;
				DEBUG_INFORMATION_FORMAT = dwarf;
				ENABLE_STRICT_OBJC_MSGSEND = YES;
				ENABLE_TESTABILITY = YES;
				GCC_C_LANGUAGE_STANDARD = gnu99;
				GCC_DYNAMIC_NO_PIC = NO;
				GCC_NO_COMMON_BLOCKS = YES;
				GCC_OPTIMIZATION_LEVEL = 0;
				GCC_PREPROCESSOR_DEFINITIONS = (
					"DEBUG=1",
					"$(inherited)",
				);
				GCC_WARN_64_TO_32_BIT_CONVERSION = YES;
				GCC_WARN_ABOUT_RETURN_TYPE = YES_ERROR;
				GCC_WARN_UNDECLARED_SELECTOR = YES;
				GCC_WARN_UNINITIALIZED_AUTOS = YES_AGGRESSIVE;
				GCC_WARN_UNUSED_FUNCTION = YES;
				GCC_WARN_UNUSED_VARIABLE = YES;
				IPHONEOS_DEPLOYMENT_TARGET = 10.3;
				MTL_ENABLE_DEBUG_INFO = YES;
				ONLY_ACTIVE_ARCH = YES;
				SDKROOT = iphoneos;
				SWIFT_ACTIVE_COMPILATION_CONDITIONS = DEBUG;
				SWIFT_OPTIMIZATION_LEVEL = "-Onone";
				SWIFT_VERSION = 2.3;
			};
			name = Debug;
		};
		8AA5B1DC1DEC988200D159C3 /* Release */ = {
			isa = XCBuildConfiguration;
			buildSettings = {
				ALWAYS_SEARCH_USER_PATHS = NO;
				CLANG_ANALYZER_NONNULL = YES;
				CLANG_CXX_LANGUAGE_STANDARD = "gnu++0x";
				CLANG_CXX_LIBRARY = "libc++";
				CLANG_ENABLE_MODULES = YES;
				CLANG_ENABLE_OBJC_ARC = YES;
				CLANG_WARN_BOOL_CONVERSION = YES;
				CLANG_WARN_CONSTANT_CONVERSION = YES;
				CLANG_WARN_DIRECT_OBJC_ISA_USAGE = YES_ERROR;
				CLANG_WARN_DOCUMENTATION_COMMENTS = YES;
				CLANG_WARN_EMPTY_BODY = YES;
				CLANG_WARN_ENUM_CONVERSION = YES;
				CLANG_WARN_INFINITE_RECURSION = YES;
				CLANG_WARN_INT_CONVERSION = YES;
				CLANG_WARN_OBJC_ROOT_CLASS = YES_ERROR;
				CLANG_WARN_SUSPICIOUS_MOVE = YES;
				CLANG_WARN_SUSPICIOUS_MOVES = YES;
				CLANG_WARN_UNREACHABLE_CODE = YES;
				CLANG_WARN__DUPLICATE_METHOD_MATCH = YES;
				"CODE_SIGN_IDENTITY[sdk=iphoneos*]" = "iPhone Developer";
				COPY_PHASE_STRIP = NO;
				DEBUG_INFORMATION_FORMAT = "dwarf-with-dsym";
				ENABLE_NS_ASSERTIONS = NO;
				ENABLE_STRICT_OBJC_MSGSEND = YES;
				GCC_C_LANGUAGE_STANDARD = gnu99;
				GCC_NO_COMMON_BLOCKS = YES;
				GCC_WARN_64_TO_32_BIT_CONVERSION = YES;
				GCC_WARN_ABOUT_RETURN_TYPE = YES_ERROR;
				GCC_WARN_UNDECLARED_SELECTOR = YES;
				GCC_WARN_UNINITIALIZED_AUTOS = YES_AGGRESSIVE;
				GCC_WARN_UNUSED_FUNCTION = YES;
				GCC_WARN_UNUSED_VARIABLE = YES;
				IPHONEOS_DEPLOYMENT_TARGET = 10.3;
				MTL_ENABLE_DEBUG_INFO = NO;
				SDKROOT = iphoneos;
				SWIFT_OPTIMIZATION_LEVEL = "-Owholemodule";
				SWIFT_VERSION = 2.3;
				VALIDATE_PRODUCT = YES;
			};
			name = Release;
		};
		8AA5B1DE1DEC988200D159C3 /* Debug */ = {
			isa = XCBuildConfiguration;
			baseConfigurationReference = 7AD21EB1F1277AC74FBEE1C6 /* Pods-Eggypop.debug.xcconfig */;
			buildSettings = {
				ALWAYS_EMBED_SWIFT_STANDARD_LIBRARIES = YES;
				ASSETCATALOG_COMPILER_APPICON_NAME = AppIcon;
				"CODE_SIGN_IDENTITY[sdk=iphoneos*]" = "iPhone Developer";
				DEVELOPMENT_TEAM = 42YF234Y78;
				INFOPLIST_FILE = Eggypop/Info.plist;
				IPHONEOS_DEPLOYMENT_TARGET = 10.3;
				LD_RUNPATH_SEARCH_PATHS = "$(inherited) @executable_path/Frameworks";
				PRODUCT_BUNDLE_IDENTIFIER = com.boileggs.Eggypop;
				PRODUCT_NAME = "$(TARGET_NAME)";
				PROVISIONING_PROFILE = "";
				PROVISIONING_PROFILE_SPECIFIER = "";
				SWIFT_VERSION = 3.0;
				TARGETED_DEVICE_FAMILY = 1;
			};
			name = Debug;
		};
		8AA5B1DF1DEC988200D159C3 /* Release */ = {
			isa = XCBuildConfiguration;
			baseConfigurationReference = 2F097247A0EB514EBB0E1F66 /* Pods-Eggypop.release.xcconfig */;
			buildSettings = {
				ALWAYS_EMBED_SWIFT_STANDARD_LIBRARIES = YES;
				ASSETCATALOG_COMPILER_APPICON_NAME = AppIcon;
				"CODE_SIGN_IDENTITY[sdk=iphoneos*]" = "iPhone Developer";
				DEVELOPMENT_TEAM = 42YF234Y78;
				INFOPLIST_FILE = Eggypop/Info.plist;
				IPHONEOS_DEPLOYMENT_TARGET = 10.3;
				LD_RUNPATH_SEARCH_PATHS = "$(inherited) @executable_path/Frameworks";
				PRODUCT_BUNDLE_IDENTIFIER = com.boileggs.Eggypop;
				PRODUCT_NAME = "$(TARGET_NAME)";
				PROVISIONING_PROFILE = "";
				PROVISIONING_PROFILE_SPECIFIER = "";
				SWIFT_VERSION = 3.0;
				TARGETED_DEVICE_FAMILY = 1;
			};
			name = Release;
		};
/* End XCBuildConfiguration section */

/* Begin XCConfigurationList section */
		8AA5B1C61DEC988200D159C3 /* Build configuration list for PBXProject "Eggypop" */ = {
			isa = XCConfigurationList;
			buildConfigurations = (
				8AA5B1DB1DEC988200D159C3 /* Debug */,
				8AA5B1DC1DEC988200D159C3 /* Release */,
			);
			defaultConfigurationIsVisible = 0;
			defaultConfigurationName = Release;
		};
		8AA5B1DD1DEC988200D159C3 /* Build configuration list for PBXNativeTarget "Eggypop" */ = {
			isa = XCConfigurationList;
			buildConfigurations = (
				8AA5B1DE1DEC988200D159C3 /* Debug */,
				8AA5B1DF1DEC988200D159C3 /* Release */,
			);
			defaultConfigurationIsVisible = 0;
			defaultConfigurationName = Release;
		};
/* End XCConfigurationList section */
	};
	rootObject = 8AA5B1C31DEC988200D159C3 /* Project object */;
}
